Microsoft Visual Studio Solution File, Format Version 12.00
# Visual Studio Version 18
VisualStudioVersion = 18.0.0.0
MinimumVisualStudioVersion = 10.0.40219.1
Project("{8BC9CEB8-8B4A-11D0-8D11-00A0C91BC942}") = "MatrixRainCore", "MatrixRainCore\MatrixRainCore.vcxproj", "{A7C9F1E3-2B4D-4F8C-9A1E-5D6B7C8E9F0A}"
EndProject
Project("{8BC9CEB8-8B4A-11D0-8D11-00A0C91BC942}") = "MatrixRain", "MatrixRain\MatrixRain.vcxproj", "{0207A3DC-C617-480F-9AFE-95B0FBC24654}"
EndProject
Project("{8BC9CEB8-8B4A-11D0-8D11-00A0C91BC942}") = "MatrixRainTests", "MatrixRainTests\MatrixRainTests.vcxproj", "{760038C6-D6B4-40E3-9FEA-6B1C959DE044}"
EndProject
Global
	GlobalSection(SolutionConfigurationPlatforms) = preSolution
		Debug|ARM64 = Debug|ARM64
		Debug|x64 = Debug|x64
		Release (PROFILER)|ARM64 = Release (PROFILER)|ARM64
		Release (PROFILER)|x64 = Release (PROFILER)|x64
		Release|ARM64 = Release|ARM64
		Release|x64 = Release|x64
	EndGlobalSection
	GlobalSection(ProjectConfigurationPlatforms) = postSolution
		{A7C9F1E3-2B4D-4F8C-9A1E-5D6B7C8E9F0A}.Debug|ARM64.ActiveCfg = Debug|ARM64
		{A7C9F1E3-2B4D-4F8C-9A1E-5D6B7C8E9F0A}.Debug|ARM64.Build.0 = Debug|ARM64
		{A7C9F1E3-2B4D-4F8C-9A1E-5D6B7C8E9F0A}.Debug|x64.ActiveCfg = Debug|x64
		{A7C9F1E3-2B4D-4F8C-9A1E-5D6B7C8E9F0A}.Debug|x64.Build.0 = Debug|x64
		{A7C9F1E3-2B4D-4F8C-9A1E-5D6B7C8E9F0A}.Release (PROFILER)|ARM64.ActiveCfg = Release (PROFILER)|ARM64
		{A7C9F1E3-2B4D-4F8C-9A1E-5D6B7C8E9F0A}.Release (PROFILER)|ARM64.Build.0 = Release (PROFILER)|ARM64
		{A7C9F1E3-2B4D-4F8C-9A1E-5D6B7C8E9F0A}.Release (PROFILER)|x64.ActiveCfg = Release (PROFILER)|x64
		{A7C9F1E3-2B4D-4F8C-9A1E-5D6B7C8E9F0A}.Release (PROFILER)|x64.Build.0 = Release (PROFILER)|x64
		{A7C9F1E3-2B4D-4F8C-9A1E-5D6B7C8E9F0A}.Release|ARM64.ActiveCfg = Release|ARM64
		{A7C9F1E3-2B4D-4F8C-9A1E-5D6B7C8E9F0A}.Release|ARM64.Build.0 = Release|ARM64
		{A7C9F1E3-2B4D-4F8C-9A1E-5D6B7C8E9F0A}.Release|x64.ActiveCfg = Release|x64
		{A7C9F1E3-2B4D-4F8C-9A1E-5D6B7C8E9F0A}.Release|x64.Build.0 = Release|x64
		{0207A3DC-C617-480F-9AFE-95B0FBC24654}.Debug|ARM64.ActiveCfg = Debug|ARM64
		{0207A3DC-C617-480F-9AFE-95B0FBC24654}.Debug|ARM64.Build.0 = Debug|ARM64
		{0207A3DC-C617-480F-9AFE-95B0FBC24654}.Debug|x64.ActiveCfg = Debug|x64
		{0207A3DC-C617-480F-9AFE-95B0FBC24654}.Debug|x64.Build.0 = Debug|x64
		{0207A3DC-C617-480F-9AFE-95B0FBC24654}.Release (PROFILER)|ARM64.ActiveCfg = Release (PROFILER)|ARM64
		{0207A3DC-C617-480F-9AFE-95B0FBC24654}.Release (PROFILER)|ARM64.Build.0 = Release (PROFILER)|ARM64
		{0207A3DC-C617-480F-9AFE-95B0FBC24654}.Release (PROFILER)|x64.ActiveCfg = Release (PROFILER)|x64
		{0207A3DC-C617-480F-9AFE-95B0FBC24654}.Release (PROFILER)|x64.Build.0 = Release (PROFILER)|x64
		{0207A3DC-C617-480F-9AFE-95B0FBC24654}.Release|ARM64.ActiveCfg = Release|ARM64
		{0207A3DC-C617-480F-9AFE-95B0FBC24654}.Release|ARM64.Build.0 = Release|ARM64
		{0207A3DC-C617-480F-9AFE-95B0FBC24654}.Release|x64.ActiveCfg = Release|x64
		{0207A3DC-C617-480F-9AFE-95B0FBC24654}.Release|x64.Build.0 = Release|x64
		{760038C6-D6B4-40E3-9FEA-6B1C959DE044}.Debug|ARM64.ActiveCfg = Debug|ARM64
		{760038C6-D6B4-40E3-9FEA-6B1C959DE044}.Debug|ARM64.Build.0 = Debug|ARM64
		{760038C6-D6B4-40E3-9FEA-6B1C959DE044}.Debug|x64.ActiveCfg = Debug|x64
		{760038C6-D6B4-40E3-9FEA-6B1C959DE044}.Debug|x64.Build.0 = Debug|x64
		{760038C6-D6B4-40E3-9FEA-6B1C959DE044}.Release (PROFILER)|ARM64.ActiveCfg = Release (PROFILER)|ARM64
		{760038C6-D6B4-40E3-9FEA-6B1C959DE044}.Release (PROFILER)|ARM64.Build.0 = Release (PROFILER)|ARM64
		{760038C6-D6B4-40E3-9FEA-6B1C959DE044}.Release (PROFILER)|x64.ActiveCfg = Release (PROFILER)|x64
		{760038C6-D6B4-40E3-9FEA-6B1C959DE044}.Release (PROFILER)|x64.Build.0 = Release (PROFILER)|x64
		{760038C6-D6B4-40E3-9FEA-6B1C959DE044}.Release|ARM64.ActiveCfg = Release|ARM64
		{760038C6-D6B4-40E3-9FEA-6B1C959DE044}.Release|ARM64.Build.0 = Release|ARM64
		{760038C6-D6B4-40E3-9FEA-6B1C959DE044}.Release|x64.ActiveCfg = Release|x64
		{760038C6-D6B4-40E3-9FEA-6B1C959DE044}.Release|x64.Build.0 = Release|x64
	EndGlobalSection
	GlobalSection(SolutionProperties) = preSolution
		HideSolutionNode = FALSE
	EndGlobalSection
	GlobalSection(ExtensibilityGlobals) = postSolution
		SolutionGuid = {D0F2G4F6-5E7H-4I1J-2D4K-8G9H0I1J2K3L}
	EndGlobalSection
EndGlobal
